
Microsoft Visual Studio Solution File, Format Version 12.00
Project("{2150E333-8FDC-42A3-9474-1A3956D46DE8}") = "src", "src", "{886FEE22-78E5-4969-862A-9800E0AE5CBC}"
EndProject
Project("{2150E333-8FDC-42A3-9474-1A3956D46DE8}") = "test", "test", "{F146A43F-D825-489F-AE56-06FD36A376D2}"
EndProject
Project("{FAE04EC0-301F-11D3-BF4B-00C04F79EFBC}") = "POS.Domain", "POS.Domain\POS.Domain.csproj", "{20A87D77-AC83-4FBE-9A1A-C978730CD17D}"
EndProject
Project("{FAE04EC0-301F-11D3-BF4B-00C04F79EFBC}") = "POS.Infraestructure", "POS.Infraestructure\POS.Infraestructure.csproj", "{B50FBF4C-215F-4717-9CF3-88FC537D63AC}"
EndProject
Project("{FAE04EC0-301F-11D3-BF4B-00C04F79EFBC}") = "POS.Application", "POS.Application\POS.Application.csproj", "{ECC42993-EC3C-46EE-99C7-4BD1C8B4446D}"
EndProject
Project("{FAE04EC0-301F-11D3-BF4B-00C04F79EFBC}") = "POS.Utilities", "POS.Utilities\POS.Utilities.csproj", "{7067EAA7-316C-43BF-88BD-2EE5F23DF00D}"
EndProject
Project("{FAE04EC0-301F-11D3-BF4B-00C04F79EFBC}") = "POS.Api", "POS.Api\POS.Api.csproj", "{417069A4-2CE0-4734-A48D-B660F3C4DA3B}"
EndProject
Project("{FAE04EC0-301F-11D3-BF4B-00C04F79EFBC}") = "POS.Test", "POS.Test\POS.Test.csproj", "{BDF6D885-B094-48EB-9DBA-EA4BDD6B095B}"
EndProject
Project("{2150E333-8FDC-42A3-9474-1A3956D46DE8}") = "Solution Items", "Solution Items", "{637C9860-B369-4287-BAAB-68D46363F1F3}"
	ProjectSection(SolutionItems) = preProject
		docker-compose.yml = docker-compose.yml
	EndProjectSection
EndProject
Global
	GlobalSection(SolutionConfigurationPlatforms) = preSolution
		Debug|Any CPU = Debug|Any CPU
		Release|Any CPU = Release|Any CPU
	EndGlobalSection
	GlobalSection(NestedProjects) = preSolution
		{20A87D77-AC83-4FBE-9A1A-C978730CD17D} = {886FEE22-78E5-4969-862A-9800E0AE5CBC}
		{B50FBF4C-215F-4717-9CF3-88FC537D63AC} = {886FEE22-78E5-4969-862A-9800E0AE5CBC}
		{ECC42993-EC3C-46EE-99C7-4BD1C8B4446D} = {886FEE22-78E5-4969-862A-9800E0AE5CBC}
		{7067EAA7-316C-43BF-88BD-2EE5F23DF00D} = {886FEE22-78E5-4969-862A-9800E0AE5CBC}
		{417069A4-2CE0-4734-A48D-B660F3C4DA3B} = {886FEE22-78E5-4969-862A-9800E0AE5CBC}
		{BDF6D885-B094-48EB-9DBA-EA4BDD6B095B} = {F146A43F-D825-489F-AE56-06FD36A376D2}
	EndGlobalSection
	GlobalSection(ProjectConfigurationPlatforms) = postSolution
		{20A87D77-AC83-4FBE-9A1A-C978730CD17D}.Debug|Any CPU.ActiveCfg = Debug|Any CPU
		{20A87D77-AC83-4FBE-9A1A-C978730CD17D}.Debug|Any CPU.Build.0 = Debug|Any CPU
		{20A87D77-AC83-4FBE-9A1A-C978730CD17D}.Release|Any CPU.ActiveCfg = Release|Any CPU
		{20A87D77-AC83-4FBE-9A1A-C978730CD17D}.Release|Any CPU.Build.0 = Release|Any CPU
		{B50FBF4C-215F-4717-9CF3-88FC537D63AC}.Debug|Any CPU.ActiveCfg = Debug|Any CPU
		{B50FBF4C-215F-4717-9CF3-88FC537D63AC}.Debug|Any CPU.Build.0 = Debug|Any CPU
		{B50FBF4C-215F-4717-9CF3-88FC537D63AC}.Release|Any CPU.ActiveCfg = Release|Any CPU
		{B50FBF4C-215F-4717-9CF3-88FC537D63AC}.Release|Any CPU.Build.0 = Release|Any CPU
		{ECC42993-EC3C-46EE-99C7-4BD1C8B4446D}.Debug|Any CPU.ActiveCfg = Debug|Any CPU
		{ECC42993-EC3C-46EE-99C7-4BD1C8B4446D}.Debug|Any CPU.Build.0 = Debug|Any CPU
		{ECC42993-EC3C-46EE-99C7-4BD1C8B4446D}.Release|Any CPU.ActiveCfg = Release|Any CPU
		{ECC42993-EC3C-46EE-99C7-4BD1C8B4446D}.Release|Any CPU.Build.0 = Release|Any CPU
		{7067EAA7-316C-43BF-88BD-2EE5F23DF00D}.Debug|Any CPU.ActiveCfg = Debug|Any CPU
		{7067EAA7-316C-43BF-88BD-2EE5F23DF00D}.Debug|Any CPU.Build.0 = Debug|Any CPU
		{7067EAA7-316C-43BF-88BD-2EE5F23DF00D}.Release|Any CPU.ActiveCfg = Release|Any CPU
		{7067EAA7-316C-43BF-88BD-2EE5F23DF00D}.Release|Any CPU.Build.0 = Release|Any CPU
		{417069A4-2CE0-4734-A48D-B660F3C4DA3B}.Debug|Any CPU.ActiveCfg = Debug|Any CPU
		{417069A4-2CE0-4734-A48D-B660F3C4DA3B}.Debug|Any CPU.Build.0 = Debug|Any CPU
		{417069A4-2CE0-4734-A48D-B660F3C4DA3B}.Release|Any CPU.ActiveCfg = Release|Any CPU
		{417069A4-2CE0-4734-A48D-B660F3C4DA3B}.Release|Any CPU.Build.0 = Release|Any CPU
		{BDF6D885-B094-48EB-9DBA-EA4BDD6B095B}.Debug|Any CPU.ActiveCfg = Debug|Any CPU
		{BDF6D885-B094-48EB-9DBA-EA4BDD6B095B}.Debug|Any CPU.Build.0 = Debug|Any CPU
		{BDF6D885-B094-48EB-9DBA-EA4BDD6B095B}.Release|Any CPU.ActiveCfg = Release|Any CPU
		{BDF6D885-B094-48EB-9DBA-EA4BDD6B095B}.Release|Any CPU.Build.0 = Release|Any CPU
	EndGlobalSection
EndGlobal
